
Microsoft Visual Studio Solution File, Format Version 12.00
# Visual Studio Version 16
VisualStudioVersion = 16.0.28729.10
MinimumVisualStudioVersion = 10.0.40219.1
Project("{F184B08F-C81C-45F6-A57F-5ABD9991F28F}") = "GenI2C", "GenI2C.vbproj", "{99013913-CA68-4CB5-866E-5A7F160A6FB8}"
EndProject
Global
	GlobalSection(SolutionConfigurationPlatforms) = preSolution
		Debug|Any CPU = Debug|Any CPU
		Release|Any CPU = Release|Any CPU
	EndGlobalSection
	GlobalSection(ProjectConfigurationPlatforms) = postSolution
		{99013913-CA68-4CB5-866E-5A7F160A6FB8}.Debug|Any CPU.ActiveCfg = Debug|Any CPU
		{99013913-CA68-4CB5-866E-5A7F160A6FB8}.Debug|Any CPU.Build.0 = Debug|Any CPU
		{99013913-CA68-4CB5-866E-5A7F160A6FB8}.Release|Any CPU.ActiveCfg = Release|Any CPU
		{99013913-CA68-4CB5-866E-5A7F160A6FB8}.Release|Any CPU.Build.0 = Release|Any CPU
	EndGlobalSection
	GlobalSection(SolutionProperties) = preSolution
		HideSolutionNode = FALSE
	EndGlobalSection
	GlobalSection(ExtensibilityGlobals) = postSolution
		SolutionGuid = {F03C667F-9433-453B-BF7E-5A91CEB2B67F}
	EndGlobalSection
EndGlobal
